
Microsoft Visual Studio Solution File, Format Version 12.00
# Visual Studio Version 16
VisualStudioVersion = 16.0.30114.105
MinimumVisualStudioVersion = 10.0.40219.1
Project("{FAE04EC0-301F-11D3-BF4B-00C04F79EFBC}") = "WorkshopSaver", "WorkshopSaver\WorkshopSaver.csproj", "{DE026192-51AD-4E22-96E0-E2F2D6641A4B}"
EndProject
Global
	GlobalSection(SolutionConfigurationPlatforms) = preSolution
		Debug|Any CPU = Debug|Any CPU
		Release|Any CPU = Release|Any CPU
	EndGlobalSection
	GlobalSection(ProjectConfigurationPlatforms) = postSolution
		{DE026192-51AD-4E22-96E0-E2F2D6641A4B}.Debug|Any CPU.ActiveCfg = Debug|Any CPU
		{DE026192-51AD-4E22-96E0-E2F2D6641A4B}.Debug|Any CPU.Build.0 = Debug|Any CPU
		{DE026192-51AD-4E22-96E0-E2F2D6641A4B}.Release|Any CPU.ActiveCfg = Release|Any CPU
		{DE026192-51AD-4E22-96E0-E2F2D6641A4B}.Release|Any CPU.Build.0 = Release|Any CPU
	EndGlobalSection
	GlobalSection(SolutionProperties) = preSolution
		HideSolutionNode = FALSE
	EndGlobalSection
	GlobalSection(ExtensibilityGlobals) = postSolution
		SolutionGuid = {00FE7EEF-A258-49EC-946F-32D2BDC42932}
	EndGlobalSection
EndGlobal
